// !$*UTF8*$!
{
	archiveVersion = 1;
	classes = {
	};
	objectVersion = 50;
	objects = {

/* Begin PBXBuildFile section */
		616E8A53226DF7C200ADC744 /* AppDelegate.swift in Sources */ = {isa = PBXBuildFile; fileRef = 616E8A52226DF7C200ADC744 /* AppDelegate.swift */; };
		616E8A58226DF7C200ADC744 /* Main.storyboard in Resources */ = {isa = PBXBuildFile; fileRef = 616E8A56226DF7C200ADC744 /* Main.storyboard */; };
		616E8A5A226DF7C600ADC744 /* Assets.xcassets in Resources */ = {isa = PBXBuildFile; fileRef = 616E8A59226DF7C600ADC744 /* Assets.xcassets */; };
		616E8A5D226DF7C600ADC744 /* LaunchScreen.storyboard in Resources */ = {isa = PBXBuildFile; fileRef = 616E8A5B226DF7C600ADC744 /* LaunchScreen.storyboard */; };
		616E8A68226DFB2E00ADC744 /* MenuController.swift in Sources */ = {isa = PBXBuildFile; fileRef = 616E8A67226DFB2E00ADC744 /* MenuController.swift */; };
		616E8A6A226DFB7C00ADC744 /* ALaCarteController.swift in Sources */ = {isa = PBXBuildFile; fileRef = 616E8A69226DFB7C00ADC744 /* ALaCarteController.swift */; };
		617F1C1E226DFD4100599D3A /* MonTabBar.swift in Sources */ = {isa = PBXBuildFile; fileRef = 617F1C1D226DFD4100599D3A /* MonTabBar.swift */; };
		617F1C21226DFDB100599D3A /* Constantes.swift in Sources */ = {isa = PBXBuildFile; fileRef = 617F1C20226DFDB100599D3A /* Constantes.swift */; };
/* End PBXBuildFile section */

/* Begin PBXFileReference section */
		616E8A4F226DF7C200ADC744 /* MonRestoDuMonde.app */ = {isa = PBXFileReference; explicitFileType = wrapper.application; includeInIndex = 0; path = MonRestoDuMonde.app; sourceTree = BUILT_PRODUCTS_DIR; };
		616E8A52226DF7C200ADC744 /* AppDelegate.swift */ = {isa = PBXFileReference; lastKnownFileType = sourcecode.swift; path = AppDelegate.swift; sourceTree = "<group>"; };
		616E8A57226DF7C200ADC744 /* Base */ = {isa = PBXFileReference; lastKnownFileType = file.storyboard; name = Base; path = Base.lproj/Main.storyboard; sourceTree = "<group>"; };
		616E8A59226DF7C600ADC744 /* Assets.xcassets */ = {isa = PBXFileReference; lastKnownFileType = folder.assetcatalog; path = Assets.xcassets; sourceTree = "<group>"; };
		616E8A5C226DF7C600ADC744 /* Base */ = {isa = PBXFileReference; lastKnownFileType = file.storyboard; name = Base; path = Base.lproj/LaunchScreen.storyboard; sourceTree = "<group>"; };
		616E8A5E226DF7C600ADC744 /* Info.plist */ = {isa = PBXFileReference; lastKnownFileType = text.plist.xml; path = Info.plist; sourceTree = "<group>"; };
		616E8A67226DFB2E00ADC744 /* MenuController.swift */ = {isa = PBXFileReference; lastKnownFileType = sourcecode.swift; path = MenuController.swift; sourceTree = "<group>"; };
		616E8A69226DFB7C00ADC744 /* ALaCarteController.swift */ = {isa = PBXFileReference; lastKnownFileType = sourcecode.swift; path = ALaCarteController.swift; sourceTree = "<group>"; };
		617F1C1D226DFD4100599D3A /* MonTabBar.swift */ = {isa = PBXFileReference; lastKnownFileType = sourcecode.swift; path = MonTabBar.swift; sourceTree = "<group>"; };
		617F1C20226DFDB100599D3A /* Constantes.swift */ = {isa = PBXFileReference; lastKnownFileType = sourcecode.swift; path = Constantes.swift; sourceTree = "<group>"; };
/* End PBXFileReference section */

/* Begin PBXFrameworksBuildPhase section */
		616E8A4C226DF7C200ADC744 /* Frameworks */ = {
			isa = PBXFrameworksBuildPhase;
			buildActionMask = 2147483647;
			files = (
			);
			runOnlyForDeploymentPostprocessing = 0;
		};
/* End PBXFrameworksBuildPhase section */

/* Begin PBXGroup section */
		616E8A46226DF7C200ADC744 = {
			isa = PBXGroup;
			children = (
				616E8A51226DF7C200ADC744 /* MonRestoDuMonde */,
				616E8A50226DF7C200ADC744 /* Products */,
			);
			sourceTree = "<group>";
		};
		616E8A50226DF7C200ADC744 /* Products */ = {
			isa = PBXGroup;
			children = (
				616E8A4F226DF7C200ADC744 /* MonRestoDuMonde.app */,
			);
			name = Products;
			sourceTree = "<group>";
		};
		616E8A51226DF7C200ADC744 /* MonRestoDuMonde */ = {
			isa = PBXGroup;
			children = (
				617F1C1F226DFD9700599D3A /* Utilitaires */,
				616E8A65226DFAC700ADC744 /* Model */,
				616E8A66226DFACF00ADC744 /* Vues */,
				616E8A64226DFAB600ADC744 /* Controller */,
				616E8A52226DF7C200ADC744 /* AppDelegate.swift */,
				616E8A56226DF7C200ADC744 /* Main.storyboard */,
				616E8A59226DF7C600ADC744 /* Assets.xcassets */,
				616E8A5B226DF7C600ADC744 /* LaunchScreen.storyboard */,
				616E8A5E226DF7C600ADC744 /* Info.plist */,
			);
			path = MonRestoDuMonde;
			sourceTree = "<group>";
		};
		616E8A64226DFAB600ADC744 /* Controller */ = {
			isa = PBXGroup;
			children = (
				616E8A67226DFB2E00ADC744 /* MenuController.swift */,
				616E8A69226DFB7C00ADC744 /* ALaCarteController.swift */,
				617F1C1D226DFD4100599D3A /* MonTabBar.swift */,
			);
			path = Controller;
			sourceTree = "<group>";
		};
		616E8A65226DFAC700ADC744 /* Model */ = {
			isa = PBXGroup;
			children = (
			);
			path = Model;
			sourceTree = "<group>";
		};
		616E8A66226DFACF00ADC744 /* Vues */ = {
			isa = PBXGroup;
			children = (
			);
			path = Vues;
			sourceTree = "<group>";
		};
		617F1C1F226DFD9700599D3A /* Utilitaires */ = {
			isa = PBXGroup;
			children = (
				617F1C20226DFDB100599D3A /* Constantes.swift */,
			);
			path = Utilitaires;
			sourceTree = "<group>";
		};
/* End PBXGroup section */

/* Begin PBXNativeTarget section */
		616E8A4E226DF7C200ADC744 /* MonRestoDuMonde */ = {
			isa = PBXNativeTarget;
			buildConfigurationList = 616E8A61226DF7C600ADC744 /* Build configuration list for PBXNativeTarget "MonRestoDuMonde" */;
			buildPhases = (
				616E8A4B226DF7C200ADC744 /* Sources */,
				616E8A4C226DF7C200ADC744 /* Frameworks */,
				616E8A4D226DF7C200ADC744 /* Resources */,
			);
			buildRules = (
			);
			dependencies = (
			);
			name = MonRestoDuMonde;
			productName = MonRestoDuMonde;
			productReference = 616E8A4F226DF7C200ADC744 /* MonRestoDuMonde.app */;
			productType = "com.apple.product-type.application";
		};
/* End PBXNativeTarget section */

/* Begin PBXProject section */
		616E8A47226DF7C200ADC744 /* Project object */ = {
			isa = PBXProject;
			attributes = {
				LastSwiftUpdateCheck = 1020;
				LastUpgradeCheck = 1020;
				ORGANIZATIONNAME = "Bryan Richard";
				TargetAttributes = {
					616E8A4E226DF7C200ADC744 = {
						CreatedOnToolsVersion = 10.2;
					};
				};
			};
			buildConfigurationList = 616E8A4A226DF7C200ADC744 /* Build configuration list for PBXProject "MonRestoDuMonde" */;
			compatibilityVersion = "Xcode 9.3";
			developmentRegion = en;
			hasScannedForEncodings = 0;
			knownRegions = (
				en,
				Base,
			);
			mainGroup = 616E8A46226DF7C200ADC744;
			productRefGroup = 616E8A50226DF7C200ADC744 /* Products */;
			projectDirPath = "";
			projectRoot = "";
			targets = (
				616E8A4E226DF7C200ADC744 /* MonRestoDuMonde */,
			);
		};
/* End PBXProject section */

/* Begin PBXResourcesBuildPhase section */
		616E8A4D226DF7C200ADC744 /* Resources */ = {
			isa = PBXResourcesBuildPhase;
			buildActionMask = 2147483647;
			files = (
				616E8A5D226DF7C600ADC744 /* LaunchScreen.storyboard in Resources */,
				616E8A5A226DF7C600ADC744 /* Assets.xcassets in Resources */,
				616E8A58226DF7C200ADC744 /* Main.storyboard in Resources */,
			);
			runOnlyForDeploymentPostprocessing = 0;
		};
/* End PBXResourcesBuildPhase section */

/* Begin PBXSourcesBuildPhase section */
		616E8A4B226DF7C200ADC744 /* Sources */ = {
			isa = PBXSourcesBuildPhase;
			buildActionMask = 2147483647;
			files = (
				617F1C21226DFDB100599D3A /* Constantes.swift in Sources */,
				617F1C1E226DFD4100599D3A /* MonTabBar.swift in Sources */,
				616E8A68226DFB2E00ADC744 /* MenuController.swift in Sources */,
				616E8A53226DF7C200ADC744 /* AppDelegate.swift in Sources */,
				616E8A6A226DFB7C00ADC744 /* ALaCarteController.swift in Sources */,
			);
			runOnlyForDeploymentPostprocessing = 0;
		};
/* End PBXSourcesBuildPhase section */

/* Begin PBXVariantGroup section */
		616E8A56226DF7C200ADC744 /* Main.storyboard */ = {
			isa = PBXVariantGroup;
			children = (
				616E8A57226DF7C200ADC744 /* Base */,
			);
			name = Main.storyboard;
			sourceTree = "<group>";
		};
		616E8A5B226DF7C600ADC744 /* LaunchScreen.storyboard */ = {
			isa = PBXVariantGroup;
			children = (
				616E8A5C226DF7C600ADC744 /* Base */,
			);
			name = LaunchScreen.storyboard;
			sourceTree = "<group>";
		};
/* End PBXVariantGroup section */

/* Begin XCBuildConfiguration section */
		616E8A5F226DF7C600ADC744 /* Debug */ = {
			isa = XCBuildConfiguration;
			buildSettings = {
				ALWAYS_SEARCH_USER_PATHS = NO;
				CLANG_ANALYZER_NONNULL = YES;
				CLANG_ANALYZER_NUMBER_OBJECT_CONVERSION = YES_AGGRESSIVE;
				CLANG_CXX_LANGUAGE_STANDARD = "gnu++14";
				CLANG_CXX_LIBRARY = "libc++";
				CLANG_ENABLE_MODULES = YES;
				CLANG_ENABLE_OBJC_ARC = YES;
				CLANG_ENABLE_OBJC_WEAK = YES;
				CLANG_WARN_BLOCK_CAPTURE_AUTORELEASING = YES;
				CLANG_WARN_BOOL_CONVERSION = YES;
				CLANG_WARN_COMMA = YES;
				CLANG_WARN_CONSTANT_CONVERSION = YES;
				CLANG_WARN_DEPRECATED_OBJC_IMPLEMENTATIONS = YES;
				CLANG_WARN_DIRECT_OBJC_ISA_USAGE = YES_ERROR;
				CLANG_WARN_DOCUMENTATION_COMMENTS = YES;
				CLANG_WARN_EMPTY_BODY = YES;
				CLANG_WARN_ENUM_CONVERSION = YES;
				CLANG_WARN_INFINITE_RECURSION = YES;
				CLANG_WARN_INT_CONVERSION = YES;
				CLANG_WARN_NON_LITERAL_NULL_CONVERSION = YES;
				CLANG_WARN_OBJC_IMPLICIT_RETAIN_SELF = YES;
				CLANG_WARN_OBJC_LITERAL_CONVERSION = YES;
				CLANG_WARN_OBJC_ROOT_CLASS = YES_ERROR;
				CLANG_WARN_RANGE_LOOP_ANALYSIS = YES;
				CLANG_WARN_STRICT_PROTOTYPES = YES;
				CLANG_WARN_SUSPICIOUS_MOVE = YES;
				CLANG_WARN_UNGUARDED_AVAILABILITY = YES_AGGRESSIVE;
				CLANG_WARN_UNREACHABLE_CODE = YES;
				CLANG_WARN__DUPLICATE_METHOD_MATCH = YES;
				CODE_SIGN_IDENTITY = "iPhone Developer";
				COPY_PHASE_STRIP = NO;
				DEBUG_INFORMATION_FORMAT = dwarf;
				ENABLE_STRICT_OBJC_MSGSEND = YES;
				ENABLE_TESTABILITY = YES;
				GCC_C_LANGUAGE_STANDARD = gnu11;
				GCC_DYNAMIC_NO_PIC = NO;
				GCC_NO_COMMON_BLOCKS = YES;
				GCC_OPTIMIZATION_LEVEL = 0;
				GCC_PREPROCESSOR_DEFINITIONS = (
					"DEBUG=1",
					"$(inherited)",
				);
				GCC_WARN_64_TO_32_BIT_CONVERSION = YES;
				GCC_WARN_ABOUT_RETURN_TYPE = YES_ERROR;
				GCC_WARN_UNDECLARED_SELECTOR = YES;
				GCC_WARN_UNINITIALIZED_AUTOS = YES_AGGRESSIVE;
				GCC_WARN_UNUSED_FUNCTION = YES;
				GCC_WARN_UNUSED_VARIABLE = YES;
				IPHONEOS_DEPLOYMENT_TARGET = 12.2;
				MTL_ENABLE_DEBUG_INFO = INCLUDE_SOURCE;
				MTL_FAST_MATH = YES;
				ONLY_ACTIVE_ARCH = YES;
				SDKROOT = iphoneos;
				SWIFT_ACTIVE_COMPILATION_CONDITIONS = DEBUG;
				SWIFT_OPTIMIZATION_LEVEL = "-Onone";
			};
			name = Debug;
		};
		616E8A60226DF7C600ADC744 /* Release */ = {
			isa = XCBuildConfiguration;
			buildSettings = {
				ALWAYS_SEARCH_USER_PATHS = NO;
				CLANG_ANALYZER_NONNULL = YES;
				CLANG_ANALYZER_NUMBER_OBJECT_CONVERSION = YES_AGGRESSIVE;
				CLANG_CXX_LANGUAGE_STANDARD = "gnu++14";
				CLANG_CXX_LIBRARY = "libc++";
				CLANG_ENABLE_MODULES = YES;
				CLANG_ENABLE_OBJC_ARC = YES;
				CLANG_ENABLE_OBJC_WEAK = YES;
				CLANG_WARN_BLOCK_CAPTURE_AUTORELEASING = YES;
				CLANG_WARN_BOOL_CONVERSION = YES;
				CLANG_WARN_COMMA = YES;
				CLANG_WARN_CONSTANT_CONVERSION = YES;
				CLANG_WARN_DEPRECATED_OBJC_IMPLEMENTATIONS = YES;
				CLANG_WARN_DIRECT_OBJC_ISA_USAGE = YES_ERROR;
				CLANG_WARN_DOCUMENTATION_COMMENTS = YES;
				CLANG_WARN_EMPTY_BODY = YES;
				CLANG_WARN_ENUM_CONVERSION = YES;
				CLANG_WARN_INFINITE_RECURSION = YES;
				CLANG_WARN_INT_CONVERSION = YES;
				CLANG_WARN_NON_LITERAL_NULL_CONVERSION = YES;
				CLANG_WARN_OBJC_IMPLICIT_RETAIN_SELF = YES;
				CLANG_WARN_OBJC_LITERAL_CONVERSION = YES;
				CLANG_WARN_OBJC_ROOT_CLASS = YES_ERROR;
				CLANG_WARN_RANGE_LOOP_ANALYSIS = YES;
				CLANG_WARN_STRICT_PROTOTYPES = YES;
				CLANG_WARN_SUSPICIOUS_MOVE = YES;
				CLANG_WARN_UNGUARDED_AVAILABILITY = YES_AGGRESSIVE;
				CLANG_WARN_UNREACHABLE_CODE = YES;
				CLANG_WARN__DUPLICATE_METHOD_MATCH = YES;
				CODE_SIGN_IDENTITY = "iPhone Developer";
				COPY_PHASE_STRIP = NO;
				DEBUG_INFORMATION_FORMAT = "dwarf-with-dsym";
				ENABLE_NS_ASSERTIONS = NO;
				ENABLE_STRICT_OBJC_MSGSEND = YES;
				GCC_C_LANGUAGE_STANDARD = gnu11;
				GCC_NO_COMMON_BLOCKS = YES;
				GCC_WARN_64_TO_32_BIT_CONVERSION = YES;
				GCC_WARN_ABOUT_RETURN_TYPE = YES_ERROR;
				GCC_WARN_UNDECLARED_SELECTOR = YES;
				GCC_WARN_UNINITIALIZED_AUTOS = YES_AGGRESSIVE;
				GCC_WARN_UNUSED_FUNCTION = YES;
				GCC_WARN_UNUSED_VARIABLE = YES;
				IPHONEOS_DEPLOYMENT_TARGET = 12.2;
				MTL_ENABLE_DEBUG_INFO = NO;
				MTL_FAST_MATH = YES;
				SDKROOT = iphoneos;
				SWIFT_COMPILATION_MODE = wholemodule;
				SWIFT_OPTIMIZATION_LEVEL = "-O";
				VALIDATE_PRODUCT = YES;
			};
			name = Release;
		};
		616E8A62226DF7C600ADC744 /* Debug */ = {
			isa = XCBuildConfiguration;
			buildSettings = {
				ASSETCATALOG_COMPILER_APPICON_NAME = AppIcon;
				CODE_SIGN_STYLE = Automatic;
				DEVELOPMENT_TEAM = B55YK7K37R;
				INFOPLIST_FILE = MonRestoDuMonde/Info.plist;
				LD_RUNPATH_SEARCH_PATHS = (
					"$(inherited)",
					"@executable_path/Frameworks",
				);
				PRODUCT_BUNDLE_IDENTIFIER = gilikous.MonRestoDuMonde;
				PRODUCT_NAME = "$(TARGET_NAME)";
				SWIFT_VERSION = 5.0;
				TARGETED_DEVICE_FAMILY = "1,2";
			};
			name = Debug;
		};
		616E8A63226DF7C600ADC744 /* Release */ = {
			isa = XCBuildConfiguration;
			buildSettings = {
				ASSETCATALOG_COMPILER_APPICON_NAME = AppIcon;
				CODE_SIGN_STYLE = Automatic;
				DEVELOPMENT_TEAM = B55YK7K37R;
				INFOPLIST_FILE = MonRestoDuMonde/Info.plist;
				LD_RUNPATH_SEARCH_PATHS = (
					"$(inherited)",
					"@executable_path/Frameworks",
				);
				PRODUCT_BUNDLE_IDENTIFIER = gilikous.MonRestoDuMonde;
				PRODUCT_NAME = "$(TARGET_NAME)";
				SWIFT_VERSION = 5.0;
				TARGETED_DEVICE_FAMILY = "1,2";
			};
			name = Release;
		};
/* End XCBuildConfiguration section */

/* Begin XCConfigurationList section */
		616E8A4A226DF7C200ADC744 /* Build configuration list for PBXProject "MonRestoDuMonde" */ = {
			isa = XCConfigurationList;
			buildConfigurations = (
				616E8A5F226DF7C600ADC744 /* Debug */,
				616E8A60226DF7C600ADC744 /* Release */,
			);
			defaultConfigurationIsVisible = 0;
			defaultConfigurationName = Release;
		};
		616E8A61226DF7C600ADC744 /* Build configuration list for PBXNativeTarget "MonRestoDuMonde" */ = {
			isa = XCConfigurationList;
			buildConfigurations = (
				616E8A62226DF7C600ADC744 /* Debug */,
				616E8A63226DF7C600ADC744 /* Release */,
			);
			defaultConfigurationIsVisible = 0;
			defaultConfigurationName = Release;
		};
/* End XCConfigurationList section */
	};
	rootObject = 616E8A47226DF7C200ADC744 /* Project object */;
}
